// !$*UTF8*$!
{
	archiveVersion = 1;
	classes = {
	};
	objectVersion = 77;
	objects = {

/* Begin PBXBuildFile section */
		9685681A2E521AAC00DE7B75 /* CoreTimer in Frameworks */ = {isa = PBXBuildFile; productRef = 968568192E521AAC00DE7B75 /* CoreTimer */; };
/* End PBXBuildFile section */

/* Begin PBXContainerItemProxy section */
		968567ED2E52115900DE7B75 /* PBXContainerItemProxy */ = {
			isa = PBXContainerItemProxy;
			containerPortal = 968567D42E52115800DE7B75 /* Project object */;
			proxyType = 1;
			remoteGlobalIDString = 968567DB2E52115800DE7B75;
			remoteInfo = UltimerApp;
		};
		968567F72E52115900DE7B75 /* PBXContainerItemProxy */ = {
			isa = PBXContainerItemProxy;
			containerPortal = 968567D42E52115800DE7B75 /* Project object */;
			proxyType = 1;
			remoteGlobalIDString = 968567DB2E52115800DE7B75;
			remoteInfo = UltimerApp;
		};
/* End PBXContainerItemProxy section */

/* Begin PBXFileReference section */
		968567DC2E52115800DE7B75 /* UltimerApp.app */ = {isa = PBXFileReference; explicitFileType = wrapper.application; includeInIndex = 0; path = UltimerApp.app; sourceTree = BUILT_PRODUCTS_DIR; };
		968567EC2E52115900DE7B75 /* UltimerAppTests.xctest */ = {isa = PBXFileReference; explicitFileType = wrapper.cfbundle; includeInIndex = 0; path = UltimerAppTests.xctest; sourceTree = BUILT_PRODUCTS_DIR; };
		968567F62E52115900DE7B75 /* UltimerAppUITests.xctest */ = {isa = PBXFileReference; explicitFileType = wrapper.cfbundle; includeInIndex = 0; path = UltimerAppUITests.xctest; sourceTree = BUILT_PRODUCTS_DIR; };
/* End PBXFileReference section */

/* Begin PBXFileSystemSynchronizedRootGroup section */
		968567DE2E52115800DE7B75 /* UltimerApp */ = {
			isa = PBXFileSystemSynchronizedRootGroup;
			path = UltimerApp;
			sourceTree = "<group>";
		};
		968567EF2E52115900DE7B75 /* UltimerAppTests */ = {
			isa = PBXFileSystemSynchronizedRootGroup;
			path = UltimerAppTests;
			sourceTree = "<group>";
		};
		968567F92E52115900DE7B75 /* UltimerAppUITests */ = {
			isa = PBXFileSystemSynchronizedRootGroup;
			path = UltimerAppUITests;
			sourceTree = "<group>";
		};
/* End PBXFileSystemSynchronizedRootGroup section */

/* Begin PBXFrameworksBuildPhase section */
		968567D92E52115800DE7B75 /* Frameworks */ = {
			isa = PBXFrameworksBuildPhase;
			buildActionMask = 2147483647;
			files = (
				9685681A2E521AAC00DE7B75 /* CoreTimer in Frameworks */,
			);
			runOnlyForDeploymentPostprocessing = 0;
		};
		968567E92E52115900DE7B75 /* Frameworks */ = {
			isa = PBXFrameworksBuildPhase;
			buildActionMask = 2147483647;
			files = (
			);
			runOnlyForDeploymentPostprocessing = 0;
		};
		968567F32E52115900DE7B75 /* Frameworks */ = {
			isa = PBXFrameworksBuildPhase;
			buildActionMask = 2147483647;
			files = (
			);
			runOnlyForDeploymentPostprocessing = 0;
		};
/* End PBXFrameworksBuildPhase section */

/* Begin PBXGroup section */
		968567D32E52115800DE7B75 = {
			isa = PBXGroup;
			children = (
				968567DE2E52115800DE7B75 /* UltimerApp */,
				968567EF2E52115900DE7B75 /* UltimerAppTests */,
				968567F92E52115900DE7B75 /* UltimerAppUITests */,
				968567DD2E52115800DE7B75 /* Products */,
			);
			sourceTree = "<group>";
		};
		968567DD2E52115800DE7B75 /* Products */ = {
			isa = PBXGroup;
			children = (
				968567DC2E52115800DE7B75 /* UltimerApp.app */,
				968567EC2E52115900DE7B75 /* UltimerAppTests.xctest */,
				968567F62E52115900DE7B75 /* UltimerAppUITests.xctest */,
			);
			name = Products;
			sourceTree = "<group>";
		};
/* End PBXGroup section */

/* Begin PBXNativeTarget section */
		968567DB2E52115800DE7B75 /* UltimerApp */ = {
			isa = PBXNativeTarget;
			buildConfigurationList = 968568002E52115900DE7B75 /* Build configuration list for PBXNativeTarget "UltimerApp" */;
			buildPhases = (
				968567D82E52115800DE7B75 /* Sources */,
				968567D92E52115800DE7B75 /* Frameworks */,
				968567DA2E52115800DE7B75 /* Resources */,
			);
			buildRules = (
			);
			dependencies = (
			);
			fileSystemSynchronizedGroups = (
				968567DE2E52115800DE7B75 /* UltimerApp */,
			);
			name = UltimerApp;
			packageProductDependencies = (
				968568192E521AAC00DE7B75 /* CoreTimer */,
			);
			productName = UltimerApp;
			productReference = 968567DC2E52115800DE7B75 /* UltimerApp.app */;
			productType = "com.apple.product-type.application";
		};
		968567EB2E52115900DE7B75 /* UltimerAppTests */ = {
			isa = PBXNativeTarget;
			buildConfigurationList = 968568032E52115900DE7B75 /* Build configuration list for PBXNativeTarget "UltimerAppTests" */;
			buildPhases = (
				968567E82E52115900DE7B75 /* Sources */,
				968567E92E52115900DE7B75 /* Frameworks */,
				968567EA2E52115900DE7B75 /* Resources */,
			);
			buildRules = (
			);
			dependencies = (
				968567EE2E52115900DE7B75 /* PBXTargetDependency */,
			);
			fileSystemSynchronizedGroups = (
				968567EF2E52115900DE7B75 /* UltimerAppTests */,
			);
			name = UltimerAppTests;
			packageProductDependencies = (
			);
			productName = UltimerAppTests;
			productReference = 968567EC2E52115900DE7B75 /* UltimerAppTests.xctest */;
			productType = "com.apple.product-type.bundle.unit-test";
		};
		968567F52E52115900DE7B75 /* UltimerAppUITests */ = {
			isa = PBXNativeTarget;
			buildConfigurationList = 968568062E52115900DE7B75 /* Build configuration list for PBXNativeTarget "UltimerAppUITests" */;
			buildPhases = (
				968567F22E52115900DE7B75 /* Sources */,
				968567F32E52115900DE7B75 /* Frameworks */,
				968567F42E52115900DE7B75 /* Resources */,
			);
			buildRules = (
			);
			dependencies = (
				968567F82E52115900DE7B75 /* PBXTargetDependency */,
			);
			fileSystemSynchronizedGroups = (
				968567F92E52115900DE7B75 /* UltimerAppUITests */,
			);
			name = UltimerAppUITests;
			packageProductDependencies = (
			);
			productName = UltimerAppUITests;
			productReference = 968567F62E52115900DE7B75 /* UltimerAppUITests.xctest */;
			productType = "com.apple.product-type.bundle.ui-testing";
		};
/* End PBXNativeTarget section */

/* Begin PBXProject section */
		968567D42E52115800DE7B75 /* Project object */ = {
			isa = PBXProject;
			attributes = {
				BuildIndependentTargetsInParallel = 1;
				LastSwiftUpdateCheck = 1620;
				LastUpgradeCheck = 1620;
				TargetAttributes = {
					968567DB2E52115800DE7B75 = {
						CreatedOnToolsVersion = 16.2;
					};
					968567EB2E52115900DE7B75 = {
						CreatedOnToolsVersion = 16.2;
						TestTargetID = 968567DB2E52115800DE7B75;
					};
					968567F52E52115900DE7B75 = {
						CreatedOnToolsVersion = 16.2;
						TestTargetID = 968567DB2E52115800DE7B75;
					};
				};
			};
			buildConfigurationList = 968567D72E52115800DE7B75 /* Build configuration list for PBXProject "UltimerApp" */;
			developmentRegion = en;
			hasScannedForEncodings = 0;
			knownRegions = (
				en,
				Base,
			);
			mainGroup = 968567D32E52115800DE7B75;
			minimizedProjectReferenceProxies = 1;
			packageReferences = (
				968568182E521AAC00DE7B75 /* XCLocalSwiftPackageReference "../../ultimer" */,
			);
			preferredProjectObjectVersion = 77;
			productRefGroup = 968567DD2E52115800DE7B75 /* Products */;
			projectDirPath = "";
			projectRoot = "";
			targets = (
				968567DB2E52115800DE7B75 /* UltimerApp */,
				968567EB2E52115900DE7B75 /* UltimerAppTests */,
				968567F52E52115900DE7B75 /* UltimerAppUITests */,
			);
		};
/* End PBXProject section */

/* Begin PBXResourcesBuildPhase section */
		968567DA2E52115800DE7B75 /* Resources */ = {
			isa = PBXResourcesBuildPhase;
			buildActionMask = 2147483647;
			files = (
			);
			runOnlyForDeploymentPostprocessing = 0;
		};
		968567EA2E52115900DE7B75 /* Resources */ = {
			isa = PBXResourcesBuildPhase;
			buildActionMask = 2147483647;
			files = (
			);
			runOnlyForDeploymentPostprocessing = 0;
		};
		968567F42E52115900DE7B75 /* Resources */ = {
			isa = PBXResourcesBuildPhase;
			buildActionMask = 2147483647;
			files = (
			);
			runOnlyForDeploymentPostprocessing = 0;
		};
/* End PBXResourcesBuildPhase section */

/* Begin PBXSourcesBuildPhase section */
		968567D82E52115800DE7B75 /* Sources */ = {
			isa = PBXSourcesBuildPhase;
			buildActionMask = 2147483647;
			files = (
			);
			runOnlyForDeploymentPostprocessing = 0;
		};
		968567E82E52115900DE7B75 /* Sources */ = {
			isa = PBXSourcesBuildPhase;
			buildActionMask = 2147483647;
			files = (
			);
			runOnlyForDeploymentPostprocessing = 0;
		};
		968567F22E52115900DE7B75 /* Sources */ = {
			isa = PBXSourcesBuildPhase;
			buildActionMask = 2147483647;
			files = (
			);
			runOnlyForDeploymentPostprocessing = 0;
		};
/* End PBXSourcesBuildPhase section */

/* Begin PBXTargetDependency section */
		968567EE2E52115900DE7B75 /* PBXTargetDependency */ = {
			isa = PBXTargetDependency;
			target = 968567DB2E52115800DE7B75 /* UltimerApp */;
			targetProxy = 968567ED2E52115900DE7B75 /* PBXContainerItemProxy */;
		};
		968567F82E52115900DE7B75 /* PBXTargetDependency */ = {
			isa = PBXTargetDependency;
			target = 968567DB2E52115800DE7B75 /* UltimerApp */;
			targetProxy = 968567F72E52115900DE7B75 /* PBXContainerItemProxy */;
		};
/* End PBXTargetDependency section */

/* Begin XCBuildConfiguration section */
		968567FE2E52115900DE7B75 /* Debug */ = {
			isa = XCBuildConfiguration;
			buildSettings = {
				ALWAYS_SEARCH_USER_PATHS = NO;
				ASSETCATALOG_COMPILER_GENERATE_SWIFT_ASSET_SYMBOL_EXTENSIONS = YES;
				CLANG_ANALYZER_NONNULL = YES;
				CLANG_ANALYZER_NUMBER_OBJECT_CONVERSION = YES_AGGRESSIVE;
				CLANG_CXX_LANGUAGE_STANDARD = "gnu++20";
				CLANG_ENABLE_MODULES = YES;
				CLANG_ENABLE_OBJC_ARC = YES;
				CLANG_ENABLE_OBJC_WEAK = YES;
				CLANG_WARN_BLOCK_CAPTURE_AUTORELEASING = YES;
				CLANG_WARN_BOOL_CONVERSION = YES;
				CLANG_WARN_COMMA = YES;
				CLANG_WARN_CONSTANT_CONVERSION = YES;
				CLANG_WARN_DEPRECATED_OBJC_IMPLEMENTATIONS = YES;
				CLANG_WARN_DIRECT_OBJC_ISA_USAGE = YES_ERROR;
				CLANG_WARN_DOCUMENTATION_COMMENTS = YES;
				CLANG_WARN_EMPTY_BODY = YES;
				CLANG_WARN_ENUM_CONVERSION = YES;
				CLANG_WARN_INFINITE_RECURSION = YES;
				CLANG_WARN_INT_CONVERSION = YES;
				CLANG_WARN_NON_LITERAL_NULL_CONVERSION = YES;
				CLANG_WARN_OBJC_IMPLICIT_RETAIN_SELF = YES;
				CLANG_WARN_OBJC_LITERAL_CONVERSION = YES;
				CLANG_WARN_OBJC_ROOT_CLASS = YES_ERROR;
				CLANG_WARN_QUOTED_INCLUDE_IN_FRAMEWORK_HEADER = YES;
				CLANG_WARN_RANGE_LOOP_ANALYSIS = YES;
				CLANG_WARN_STRICT_PROTOTYPES = YES;
				CLANG_WARN_SUSPICIOUS_MOVE = YES;
				CLANG_WARN_UNGUARDED_AVAILABILITY = YES_AGGRESSIVE;
				CLANG_WARN_UNREACHABLE_CODE = YES;
				CLANG_WARN__DUPLICATE_METHOD_MATCH = YES;
				COPY_PHASE_STRIP = NO;
				DEBUG_INFORMATION_FORMAT = dwarf;
				ENABLE_STRICT_OBJC_MSGSEND = YES;
				ENABLE_TESTABILITY = YES;
				ENABLE_USER_SCRIPT_SANDBOXING = YES;
				GCC_C_LANGUAGE_STANDARD = gnu17;
				GCC_DYNAMIC_NO_PIC = NO;
				GCC_NO_COMMON_BLOCKS = YES;
				GCC_OPTIMIZATION_LEVEL = 0;
				GCC_PREPROCESSOR_DEFINITIONS = (
					"DEBUG=1",
					"$(inherited)",
				);
				GCC_WARN_64_TO_32_BIT_CONVERSION = YES;
				GCC_WARN_ABOUT_RETURN_TYPE = YES_ERROR;
				GCC_WARN_UNDECLARED_SELECTOR = YES;
				GCC_WARN_UNINITIALIZED_AUTOS = YES_AGGRESSIVE;
				GCC_WARN_UNUSED_FUNCTION = YES;
				GCC_WARN_UNUSED_VARIABLE = YES;
				IPHONEOS_DEPLOYMENT_TARGET = 18.2;
				LOCALIZATION_PREFERS_STRING_CATALOGS = YES;
				MTL_ENABLE_DEBUG_INFO = INCLUDE_SOURCE;
				MTL_FAST_MATH = YES;
				ONLY_ACTIVE_ARCH = YES;
				SDKROOT = iphoneos;
				SWIFT_ACTIVE_COMPILATION_CONDITIONS = "DEBUG $(inherited)";
				SWIFT_OPTIMIZATION_LEVEL = "-Onone";
			};
			name = Debug;
		};
		968567FF2E52115900DE7B75 /* Release */ = {
			isa = XCBuildConfiguration;
			buildSettings = {
				ALWAYS_SEARCH_USER_PATHS = NO;
				ASSETCATALOG_COMPILER_GENERATE_SWIFT_ASSET_SYMBOL_EXTENSIONS = YES;
				CLANG_ANALYZER_NONNULL = YES;
				CLANG_ANALYZER_NUMBER_OBJECT_CONVERSION = YES_AGGRESSIVE;
				CLANG_CXX_LANGUAGE_STANDARD = "gnu++20";
				CLANG_ENABLE_MODULES = YES;
				CLANG_ENABLE_OBJC_ARC = YES;
				CLANG_ENABLE_OBJC_WEAK = YES;
				CLANG_WARN_BLOCK_CAPTURE_AUTORELEASING = YES;
				CLANG_WARN_BOOL_CONVERSION = YES;
				CLANG_WARN_COMMA = YES;
				CLANG_WARN_CONSTANT_CONVERSION = YES;
				CLANG_WARN_DEPRECATED_OBJC_IMPLEMENTATIONS = YES;
				CLANG_WARN_DIRECT_OBJC_ISA_USAGE = YES_ERROR;
				CLANG_WARN_DOCUMENTATION_COMMENTS = YES;
				CLANG_WARN_EMPTY_BODY = YES;
				CLANG_WARN_ENUM_CONVERSION = YES;
				CLANG_WARN_INFINITE_RECURSION = YES;
				CLANG_WARN_INT_CONVERSION = YES;
				CLANG_WARN_NON_LITERAL_NULL_CONVERSION = YES;
				CLANG_WARN_OBJC_IMPLICIT_RETAIN_SELF = YES;
				CLANG_WARN_OBJC_LITERAL_CONVERSION = YES;
				CLANG_WARN_OBJC_ROOT_CLASS = YES_ERROR;
				CLANG_WARN_QUOTED_INCLUDE_IN_FRAMEWORK_HEADER = YES;
				CLANG_WARN_RANGE_LOOP_ANALYSIS = YES;
				CLANG_WARN_STRICT_PROTOTYPES = YES;
				CLANG_WARN_SUSPICIOUS_MOVE = YES;
				CLANG_WARN_UNGUARDED_AVAILABILITY = YES_AGGRESSIVE;
				CLANG_WARN_UNREACHABLE_CODE = YES;
				CLANG_WARN__DUPLICATE_METHOD_MATCH = YES;
				COPY_PHASE_STRIP = NO;
				DEBUG_INFORMATION_FORMAT = "dwarf-with-dsym";
				ENABLE_NS_ASSERTIONS = NO;
				ENABLE_STRICT_OBJC_MSGSEND = YES;
				ENABLE_USER_SCRIPT_SANDBOXING = YES;
				GCC_C_LANGUAGE_STANDARD = gnu17;
				GCC_NO_COMMON_BLOCKS = YES;
				GCC_WARN_64_TO_32_BIT_CONVERSION = YES;
				GCC_WARN_ABOUT_RETURN_TYPE = YES_ERROR;
				GCC_WARN_UNDECLARED_SELECTOR = YES;
				GCC_WARN_UNINITIALIZED_AUTOS = YES_AGGRESSIVE;
				GCC_WARN_UNUSED_FUNCTION = YES;
				GCC_WARN_UNUSED_VARIABLE = YES;
				IPHONEOS_DEPLOYMENT_TARGET = 18.2;
				LOCALIZATION_PREFERS_STRING_CATALOGS = YES;
				MTL_ENABLE_DEBUG_INFO = NO;
				MTL_FAST_MATH = YES;
				SDKROOT = iphoneos;
				SWIFT_COMPILATION_MODE = wholemodule;
				VALIDATE_PRODUCT = YES;
			};
			name = Release;
		};
		968568012E52115900DE7B75 /* Debug */ = {
			isa = XCBuildConfiguration;
			buildSettings = {
				ASSETCATALOG_COMPILER_APPICON_NAME = AppIcon;
				ASSETCATALOG_COMPILER_GLOBAL_ACCENT_COLOR_NAME = AccentColor;
				CODE_SIGN_STYLE = Automatic;
				CURRENT_PROJECT_VERSION = 1;
				DEVELOPMENT_ASSET_PATHS = "\"UltimerApp/Preview Content\"";
				ENABLE_PREVIEWS = YES;
				GENERATE_INFOPLIST_FILE = YES;
				INFOPLIST_KEY_UIApplicationSceneManifest_Generation = YES;
				INFOPLIST_KEY_UIApplicationSupportsIndirectInputEvents = YES;
				INFOPLIST_KEY_UILaunchScreen_Generation = YES;
				INFOPLIST_KEY_UISupportedInterfaceOrientations_iPad = "UIInterfaceOrientationPortrait UIInterfaceOrientationPortraitUpsideDown UIInterfaceOrientationLandscapeLeft UIInterfaceOrientationLandscapeRight";
				INFOPLIST_KEY_UISupportedInterfaceOrientations_iPhone = "UIInterfaceOrientationPortrait UIInterfaceOrientationLandscapeLeft UIInterfaceOrientationLandscapeRight";
				LD_RUNPATH_SEARCH_PATHS = (
					"$(inherited)",
					"@executable_path/Frameworks",
				);
				MARKETING_VERSION = 1.0;
				PRODUCT_BUNDLE_IDENTIFIER = "marko-z.UltimerApp";
				PRODUCT_NAME = "$(TARGET_NAME)";
				SWIFT_EMIT_LOC_STRINGS = YES;
				SWIFT_VERSION = 5.0;
				TARGETED_DEVICE_FAMILY = "1,2";
			};
			name = Debug;
		};
		968568022E52115900DE7B75 /* Release */ = {
			isa = XCBuildConfiguration;
			buildSettings = {
				ASSETCATALOG_COMPILER_APPICON_NAME = AppIcon;
				ASSETCATALOG_COMPILER_GLOBAL_ACCENT_COLOR_NAME = AccentColor;
				CODE_SIGN_STYLE = Automatic;
				CURRENT_PROJECT_VERSION = 1;
				DEVELOPMENT_ASSET_PATHS = "\"UltimerApp/Preview Content\"";
				ENABLE_PREVIEWS = YES;
				GENERATE_INFOPLIST_FILE = YES;
				INFOPLIST_KEY_UIApplicationSceneManifest_Generation = YES;
				INFOPLIST_KEY_UIApplicationSupportsIndirectInputEvents = YES;
				INFOPLIST_KEY_UILaunchScreen_Generation = YES;
				INFOPLIST_KEY_UISupportedInterfaceOrientations_iPad = "UIInterfaceOrientationPortrait UIInterfaceOrientationPortraitUpsideDown UIInterfaceOrientationLandscapeLeft UIInterfaceOrientationLandscapeRight";
				INFOPLIST_KEY_UISupportedInterfaceOrientations_iPhone = "UIInterfaceOrientationPortrait UIInterfaceOrientationLandscapeLeft UIInterfaceOrientationLandscapeRight";
				LD_RUNPATH_SEARCH_PATHS = (
					"$(inherited)",
					"@executable_path/Frameworks",
				);
				MARKETING_VERSION = 1.0;
				PRODUCT_BUNDLE_IDENTIFIER = "marko-z.UltimerApp";
				PRODUCT_NAME = "$(TARGET_NAME)";
				SWIFT_EMIT_LOC_STRINGS = YES;
				SWIFT_VERSION = 5.0;
				TARGETED_DEVICE_FAMILY = "1,2";
			};
			name = Release;
		};
		968568042E52115900DE7B75 /* Debug */ = {
			isa = XCBuildConfiguration;
			buildSettings = {
				BUNDLE_LOADER = "$(TEST_HOST)";
				CODE_SIGN_STYLE = Automatic;
				CURRENT_PROJECT_VERSION = 1;
				GENERATE_INFOPLIST_FILE = YES;
				IPHONEOS_DEPLOYMENT_TARGET = 18.2;
				MARKETING_VERSION = 1.0;
				PRODUCT_BUNDLE_IDENTIFIER = "marko-z.UltimerAppTests";
				PRODUCT_NAME = "$(TARGET_NAME)";
				SWIFT_EMIT_LOC_STRINGS = NO;
				SWIFT_VERSION = 5.0;
				TARGETED_DEVICE_FAMILY = "1,2";
				TEST_HOST = "$(BUILT_PRODUCTS_DIR)/UltimerApp.app/$(BUNDLE_EXECUTABLE_FOLDER_PATH)/UltimerApp";
			};
			name = Debug;
		};
		968568052E52115900DE7B75 /* Release */ = {
			isa = XCBuildConfiguration;
			buildSettings = {
				BUNDLE_LOADER = "$(TEST_HOST)";
				CODE_SIGN_STYLE = Automatic;
				CURRENT_PROJECT_VERSION = 1;
				GENERATE_INFOPLIST_FILE = YES;
				IPHONEOS_DEPLOYMENT_TARGET = 18.2;
				MARKETING_VERSION = 1.0;
				PRODUCT_BUNDLE_IDENTIFIER = "marko-z.UltimerAppTests";
				PRODUCT_NAME = "$(TARGET_NAME)";
				SWIFT_EMIT_LOC_STRINGS = NO;
				SWIFT_VERSION = 5.0;
				TARGETED_DEVICE_FAMILY = "1,2";
				TEST_HOST = "$(BUILT_PRODUCTS_DIR)/UltimerApp.app/$(BUNDLE_EXECUTABLE_FOLDER_PATH)/UltimerApp";
			};
			name = Release;
		};
		968568072E52115900DE7B75 /* Debug */ = {
			isa = XCBuildConfiguration;
			buildSettings = {
				CODE_SIGN_STYLE = Automatic;
				CURRENT_PROJECT_VERSION = 1;
				GENERATE_INFOPLIST_FILE = YES;
				MARKETING_VERSION = 1.0;
				PRODUCT_BUNDLE_IDENTIFIER = "marko-z.UltimerAppUITests";
				PRODUCT_NAME = "$(TARGET_NAME)";
				SWIFT_EMIT_LOC_STRINGS = NO;
				SWIFT_VERSION = 5.0;
				TARGETED_DEVICE_FAMILY = "1,2";
				TEST_TARGET_NAME = UltimerApp;
			};
			name = Debug;
		};
		968568082E52115900DE7B75 /* Release */ = {
			isa = XCBuildConfiguration;
			buildSettings = {
				CODE_SIGN_STYLE = Automatic;
				CURRENT_PROJECT_VERSION = 1;
				GENERATE_INFOPLIST_FILE = YES;
				MARKETING_VERSION = 1.0;
				PRODUCT_BUNDLE_IDENTIFIER = "marko-z.UltimerAppUITests";
				PRODUCT_NAME = "$(TARGET_NAME)";
				SWIFT_EMIT_LOC_STRINGS = NO;
				SWIFT_VERSION = 5.0;
				TARGETED_DEVICE_FAMILY = "1,2";
				TEST_TARGET_NAME = UltimerApp;
			};
			name = Release;
		};
/* End XCBuildConfiguration section */

/* Begin XCConfigurationList section */
		968567D72E52115800DE7B75 /* Build configuration list for PBXProject "UltimerApp" */ = {
			isa = XCConfigurationList;
			buildConfigurations = (
				968567FE2E52115900DE7B75 /* Debug */,
				968567FF2E52115900DE7B75 /* Release */,
			);
			defaultConfigurationIsVisible = 0;
			defaultConfigurationName = Release;
		};
		968568002E52115900DE7B75 /* Build configuration list for PBXNativeTarget "UltimerApp" */ = {
			isa = XCConfigurationList;
			buildConfigurations = (
				968568012E52115900DE7B75 /* Debug */,
				968568022E52115900DE7B75 /* Release */,
			);
			defaultConfigurationIsVisible = 0;
			defaultConfigurationName = Release;
		};
		968568032E52115900DE7B75 /* Build configuration list for PBXNativeTarget "UltimerAppTests" */ = {
			isa = XCConfigurationList;
			buildConfigurations = (
				968568042E52115900DE7B75 /* Debug */,
				968568052E52115900DE7B75 /* Release */,
			);
			defaultConfigurationIsVisible = 0;
			defaultConfigurationName = Release;
		};
		968568062E52115900DE7B75 /* Build configuration list for PBXNativeTarget "UltimerAppUITests" */ = {
			isa = XCConfigurationList;
			buildConfigurations = (
				968568072E52115900DE7B75 /* Debug */,
				968568082E52115900DE7B75 /* Release */,
			);
			defaultConfigurationIsVisible = 0;
			defaultConfigurationName = Release;
		};
/* End XCConfigurationList section */

/* Begin XCLocalSwiftPackageReference section */
		968568182E521AAC00DE7B75 /* XCLocalSwiftPackageReference "../../ultimer" */ = {
			isa = XCLocalSwiftPackageReference;
			relativePath = ../../ultimer;
		};
/* End XCLocalSwiftPackageReference section */

/* Begin XCSwiftPackageProductDependency section */
		968568192E521AAC00DE7B75 /* CoreTimer */ = {
			isa = XCSwiftPackageProductDependency;
			productName = CoreTimer;
		};
/* End XCSwiftPackageProductDependency section */
	};
	rootObject = 968567D42E52115800DE7B75 /* Project object */;
}
